
Microsoft Visual Studio Solution File, Format Version 12.00
# Visual Studio Version 17
VisualStudioVersion = 17.5.33424.131
MinimumVisualStudioVersion = 10.0.40219.1
Project("{FAE04EC0-301F-11D3-BF4B-00C04F79EFBC}") = "DataAccess", "DataAccess\DataAccess.csproj", "{5E9BB450-FE45-4748-955D-EF532F483B92}"
EndProject
Project("{FAE04EC0-301F-11D3-BF4B-00C04F79EFBC}") = "Business", "Business\Business.csproj", "{127A5B57-2057-4F08-9756-7889EBF3C5F3}"
EndProject
Project("{FAE04EC0-301F-11D3-BF4B-00C04F79EFBC}") = "Entities", "Entities\Entities.csproj", "{82B7A690-16CA-4F1F-8F00-C467538CB83E}"
EndProject
Project("{FAE04EC0-301F-11D3-BF4B-00C04F79EFBC}") = "ConsoleUı", "ConsoleUı\ConsoleUı.csproj", "{28FC0908-030B-40AA-8A81-C284C193D958}"
EndProject
Global
	GlobalSection(SolutionConfigurationPlatforms) = preSolution
		Debug|Any CPU = Debug|Any CPU
		Release|Any CPU = Release|Any CPU
	EndGlobalSection
	GlobalSection(ProjectConfigurationPlatforms) = postSolution
		{5E9BB450-FE45-4748-955D-EF532F483B92}.Debug|Any CPU.ActiveCfg = Debug|Any CPU
		{5E9BB450-FE45-4748-955D-EF532F483B92}.Debug|Any CPU.Build.0 = Debug|Any CPU
		{5E9BB450-FE45-4748-955D-EF532F483B92}.Release|Any CPU.ActiveCfg = Release|Any CPU
		{5E9BB450-FE45-4748-955D-EF532F483B92}.Release|Any CPU.Build.0 = Release|Any CPU
		{127A5B57-2057-4F08-9756-7889EBF3C5F3}.Debug|Any CPU.ActiveCfg = Debug|Any CPU
		{127A5B57-2057-4F08-9756-7889EBF3C5F3}.Debug|Any CPU.Build.0 = Debug|Any CPU
		{127A5B57-2057-4F08-9756-7889EBF3C5F3}.Release|Any CPU.ActiveCfg = Release|Any CPU
		{127A5B57-2057-4F08-9756-7889EBF3C5F3}.Release|Any CPU.Build.0 = Release|Any CPU
		{82B7A690-16CA-4F1F-8F00-C467538CB83E}.Debug|Any CPU.ActiveCfg = Debug|Any CPU
		{82B7A690-16CA-4F1F-8F00-C467538CB83E}.Debug|Any CPU.Build.0 = Debug|Any CPU
		{82B7A690-16CA-4F1F-8F00-C467538CB83E}.Release|Any CPU.ActiveCfg = Release|Any CPU
		{82B7A690-16CA-4F1F-8F00-C467538CB83E}.Release|Any CPU.Build.0 = Release|Any CPU
		{28FC0908-030B-40AA-8A81-C284C193D958}.Debug|Any CPU.ActiveCfg = Debug|Any CPU
		{28FC0908-030B-40AA-8A81-C284C193D958}.Debug|Any CPU.Build.0 = Debug|Any CPU
		{28FC0908-030B-40AA-8A81-C284C193D958}.Release|Any CPU.ActiveCfg = Release|Any CPU
		{28FC0908-030B-40AA-8A81-C284C193D958}.Release|Any CPU.Build.0 = Release|Any CPU
	EndGlobalSection
	GlobalSection(SolutionProperties) = preSolution
		HideSolutionNode = FALSE
	EndGlobalSection
	GlobalSection(ExtensibilityGlobals) = postSolution
		SolutionGuid = {A88A9261-3C71-40CC-BD6D-7477805CCA73}
	EndGlobalSection
EndGlobal
